
Microsoft Visual Studio Solution File, Format Version 12.00
# Visual Studio Version 17
VisualStudioVersion = 17.0.31903.59
MinimumVisualStudioVersion = 10.0.40219.1
Project("{9A19103F-16F7-4668-BE54-9A1E7A4F7556}") = "SimpleApp", "SimpleApp\SimpleApp.csproj", "{260F6ED3-85C1-429B-9FB9-7F3E757CAF89}"
EndProject
Project("{FAE04EC0-301F-11D3-BF4B-00C04F79EFBC}") = "SimpleApp.Tests", "SimpleApp.Tests\SimpleApp.Tests.csproj", "{668BFB90-AC02-49FD-AD0B-73323DD6B51D}"
EndProject
Global
	GlobalSection(SolutionConfigurationPlatforms) = preSolution
		Debug|Any CPU = Debug|Any CPU
		Release|Any CPU = Release|Any CPU
	EndGlobalSection
	GlobalSection(ProjectConfigurationPlatforms) = postSolution
		{260F6ED3-85C1-429B-9FB9-7F3E757CAF89}.Debug|Any CPU.ActiveCfg = Debug|Any CPU
		{260F6ED3-85C1-429B-9FB9-7F3E757CAF89}.Debug|Any CPU.Build.0 = Debug|Any CPU
		{260F6ED3-85C1-429B-9FB9-7F3E757CAF89}.Release|Any CPU.ActiveCfg = Release|Any CPU
		{260F6ED3-85C1-429B-9FB9-7F3E757CAF89}.Release|Any CPU.Build.0 = Release|Any CPU
		{668BFB90-AC02-49FD-AD0B-73323DD6B51D}.Debug|Any CPU.ActiveCfg = Debug|Any CPU
		{668BFB90-AC02-49FD-AD0B-73323DD6B51D}.Debug|Any CPU.Build.0 = Debug|Any CPU
		{668BFB90-AC02-49FD-AD0B-73323DD6B51D}.Release|Any CPU.ActiveCfg = Release|Any CPU
		{668BFB90-AC02-49FD-AD0B-73323DD6B51D}.Release|Any CPU.Build.0 = Release|Any CPU
	EndGlobalSection
	GlobalSection(SolutionProperties) = preSolution
		HideSolutionNode = FALSE
	EndGlobalSection
	GlobalSection(ExtensibilityGlobals) = postSolution
		SolutionGuid = {A680E8E5-EE51-4407-ABB8-987C8BC51656}
	EndGlobalSection
EndGlobal
